// !$*UTF8*$!
{
	archiveVersion = 1;
	classes = {
	};
	objectVersion = 50;
	objects = {

/* Begin PBXBuildFile section */
		51159D8D2338A4FD00CFE691 /* NewTodoView.swift in Sources */ = {isa = PBXBuildFile; fileRef = 51159D8C2338A4FD00CFE691 /* NewTodoView.swift */; };
		512927DC23462581008B1EC7 /* Todo+CoreDataClass.swift in Sources */ = {isa = PBXBuildFile; fileRef = 512927DA23462581008B1EC7 /* Todo+CoreDataClass.swift */; };
		512927DD23462581008B1EC7 /* Todo+CoreDataProperties.swift in Sources */ = {isa = PBXBuildFile; fileRef = 512927DB23462581008B1EC7 /* Todo+CoreDataProperties.swift */; };
		5137354A2341D4020020A398 /* TodoDetails.swift in Sources */ = {isa = PBXBuildFile; fileRef = 513735492341D4020020A398 /* TodoDetails.swift */; };
		5137354C234324BB0020A398 /* ColorViewController.swift in Sources */ = {isa = PBXBuildFile; fileRef = 5137354B234324BB0020A398 /* ColorViewController.swift */; };
		51519F8A233CE1B100754354 /* Tod2Tests.swift in Sources */ = {isa = PBXBuildFile; fileRef = 51519F89233CE1B100754354 /* Tod2Tests.swift */; };
		516E3715234348F3006FC27C /* Assets.xcassets in Resources */ = {isa = PBXBuildFile; fileRef = D27824D62335FA710012213C /* Assets.xcassets */; };
		D20C199A2336181500277D12 /* MainViewController.swift in Sources */ = {isa = PBXBuildFile; fileRef = D20C19992336181500277D12 /* MainViewController.swift */; };
		D20C199C23361DE400277D12 /* TodoDataManager.swift in Sources */ = {isa = PBXBuildFile; fileRef = D20C199B23361DE400277D12 /* TodoDataManager.swift */; };
		D2764526233640E60099E778 /* TodoCell.swift in Sources */ = {isa = PBXBuildFile; fileRef = D2764524233640E60099E778 /* TodoCell.swift */; };
		D2764527233640E60099E778 /* TodoCell.xib in Resources */ = {isa = PBXBuildFile; fileRef = D2764525233640E60099E778 /* TodoCell.xib */; };
		D27824CD2335FA6F0012213C /* AppDelegate.swift in Sources */ = {isa = PBXBuildFile; fileRef = D27824CC2335FA6F0012213C /* AppDelegate.swift */; };
		D27824D22335FA6F0012213C /* Main.storyboard in Resources */ = {isa = PBXBuildFile; fileRef = D27824D02335FA6F0012213C /* Main.storyboard */; };
		D27824D52335FA6F0012213C /* Tod2.xcdatamodeld in Sources */ = {isa = PBXBuildFile; fileRef = D27824D32335FA6F0012213C /* Tod2.xcdatamodeld */; };
		D27824DA2335FA710012213C /* LaunchScreen.storyboard in Resources */ = {isa = PBXBuildFile; fileRef = D27824D82335FA710012213C /* LaunchScreen.storyboard */; };
/* End PBXBuildFile section */

/* Begin PBXContainerItemProxy section */
		51519F8C233CE1B100754354 /* PBXContainerItemProxy */ = {
			isa = PBXContainerItemProxy;
			containerPortal = D27824C12335FA6F0012213C /* Project object */;
			proxyType = 1;
			remoteGlobalIDString = D27824C82335FA6F0012213C;
			remoteInfo = Tod2;
		};
/* End PBXContainerItemProxy section */

/* Begin PBXFileReference section */
		51159D8C2338A4FD00CFE691 /* NewTodoView.swift */ = {isa = PBXFileReference; lastKnownFileType = sourcecode.swift; path = NewTodoView.swift; sourceTree = "<group>"; };
		512927DA23462581008B1EC7 /* Todo+CoreDataClass.swift */ = {isa = PBXFileReference; lastKnownFileType = sourcecode.swift; path = "Todo+CoreDataClass.swift"; sourceTree = "<group>"; };
		512927DB23462581008B1EC7 /* Todo+CoreDataProperties.swift */ = {isa = PBXFileReference; lastKnownFileType = sourcecode.swift; path = "Todo+CoreDataProperties.swift"; sourceTree = "<group>"; };
		513735492341D4020020A398 /* TodoDetails.swift */ = {isa = PBXFileReference; lastKnownFileType = sourcecode.swift; path = TodoDetails.swift; sourceTree = "<group>"; };
		5137354B234324BB0020A398 /* ColorViewController.swift */ = {isa = PBXFileReference; lastKnownFileType = sourcecode.swift; path = ColorViewController.swift; sourceTree = "<group>"; };
		51519F87233CE1B100754354 /* Tod2Tests.xctest */ = {isa = PBXFileReference; explicitFileType = wrapper.cfbundle; includeInIndex = 0; path = Tod2Tests.xctest; sourceTree = BUILT_PRODUCTS_DIR; };
		51519F89233CE1B100754354 /* Tod2Tests.swift */ = {isa = PBXFileReference; lastKnownFileType = sourcecode.swift; path = Tod2Tests.swift; sourceTree = "<group>"; };
		51519F8B233CE1B100754354 /* Info.plist */ = {isa = PBXFileReference; lastKnownFileType = text.plist.xml; path = Info.plist; sourceTree = "<group>"; };
		D20C19992336181500277D12 /* MainViewController.swift */ = {isa = PBXFileReference; lastKnownFileType = sourcecode.swift; path = MainViewController.swift; sourceTree = "<group>"; };
		D20C199B23361DE400277D12 /* TodoDataManager.swift */ = {isa = PBXFileReference; lastKnownFileType = sourcecode.swift; path = TodoDataManager.swift; sourceTree = "<group>"; };
		D2764524233640E60099E778 /* TodoCell.swift */ = {isa = PBXFileReference; lastKnownFileType = sourcecode.swift; path = TodoCell.swift; sourceTree = "<group>"; };
		D2764525233640E60099E778 /* TodoCell.xib */ = {isa = PBXFileReference; lastKnownFileType = file.xib; path = TodoCell.xib; sourceTree = "<group>"; };
		D27824C92335FA6F0012213C /* Tod2.app */ = {isa = PBXFileReference; explicitFileType = wrapper.application; includeInIndex = 0; path = Tod2.app; sourceTree = BUILT_PRODUCTS_DIR; };
		D27824CC2335FA6F0012213C /* AppDelegate.swift */ = {isa = PBXFileReference; lastKnownFileType = sourcecode.swift; path = AppDelegate.swift; sourceTree = "<group>"; };
		D27824D12335FA6F0012213C /* Base */ = {isa = PBXFileReference; lastKnownFileType = file.storyboard; name = Base; path = Base.lproj/Main.storyboard; sourceTree = "<group>"; };
		D27824D42335FA6F0012213C /* Tod2.xcdatamodel */ = {isa = PBXFileReference; lastKnownFileType = wrapper.xcdatamodel; path = Tod2.xcdatamodel; sourceTree = "<group>"; };
		D27824D62335FA710012213C /* Assets.xcassets */ = {isa = PBXFileReference; lastKnownFileType = folder.assetcatalog; path = Assets.xcassets; sourceTree = "<group>"; };
		D27824D92335FA710012213C /* Base */ = {isa = PBXFileReference; lastKnownFileType = file.storyboard; name = Base; path = Base.lproj/LaunchScreen.storyboard; sourceTree = "<group>"; };
		D27824DB2335FA710012213C /* Info.plist */ = {isa = PBXFileReference; lastKnownFileType = text.plist.xml; path = Info.plist; sourceTree = "<group>"; };
/* End PBXFileReference section */

/* Begin PBXFrameworksBuildPhase section */
		51519F84233CE1B100754354 /* Frameworks */ = {
			isa = PBXFrameworksBuildPhase;
			buildActionMask = 2147483647;
			files = (
			);
			runOnlyForDeploymentPostprocessing = 0;
		};
		D27824C62335FA6F0012213C /* Frameworks */ = {
			isa = PBXFrameworksBuildPhase;
			buildActionMask = 2147483647;
			files = (
			);
			runOnlyForDeploymentPostprocessing = 0;
		};
/* End PBXFrameworksBuildPhase section */

/* Begin PBXGroup section */
		51519F82233CD3CB00754354 /* TABLECELL */ = {
			isa = PBXGroup;
			children = (
				D2764525233640E60099E778 /* TodoCell.xib */,
				D2764524233640E60099E778 /* TodoCell.swift */,
			);
			path = TABLECELL;
			sourceTree = "<group>";
		};
		51519F88233CE1B100754354 /* Tod2Tests */ = {
			isa = PBXGroup;
			children = (
				51519F89233CE1B100754354 /* Tod2Tests.swift */,
				51519F8B233CE1B100754354 /* Info.plist */,
			);
			path = Tod2Tests;
			sourceTree = "<group>";
		};
		516E370C2343460A006FC27C /* MODEL */ = {
			isa = PBXGroup;
			children = (
				512927DA23462581008B1EC7 /* Todo+CoreDataClass.swift */,
				512927DB23462581008B1EC7 /* Todo+CoreDataProperties.swift */,
			);
			path = MODEL;
			sourceTree = "<group>";
		};
		D20C199D23361DEB00277D12 /* VIEWMODEL */ = {
			isa = PBXGroup;
			children = (
				D20C199B23361DE400277D12 /* TodoDataManager.swift */,
			);
			path = VIEWMODEL;
			sourceTree = "<group>";
		};
		D20C199E23363DDE00277D12 /* VIEWS */ = {
			isa = PBXGroup;
			children = (
				51519F82233CD3CB00754354 /* TABLECELL */,
				D20C19992336181500277D12 /* MainViewController.swift */,
				51159D8C2338A4FD00CFE691 /* NewTodoView.swift */,
				513735492341D4020020A398 /* TodoDetails.swift */,
				5137354B234324BB0020A398 /* ColorViewController.swift */,
			);
			path = VIEWS;
			sourceTree = "<group>";
		};
		D27824C02335FA6F0012213C = {
			isa = PBXGroup;
			children = (
				D27824CB2335FA6F0012213C /* Tod2 */,
				51519F88233CE1B100754354 /* Tod2Tests */,
				D27824CA2335FA6F0012213C /* Products */,
			);
			sourceTree = "<group>";
		};
		D27824CA2335FA6F0012213C /* Products */ = {
			isa = PBXGroup;
			children = (
				D27824C92335FA6F0012213C /* Tod2.app */,
				51519F87233CE1B100754354 /* Tod2Tests.xctest */,
			);
			name = Products;
			sourceTree = "<group>";
		};
		D27824CB2335FA6F0012213C /* Tod2 */ = {
			isa = PBXGroup;
			children = (
				516E370C2343460A006FC27C /* MODEL */,
				D20C199E23363DDE00277D12 /* VIEWS */,
				D20C199D23361DEB00277D12 /* VIEWMODEL */,
				D27824CC2335FA6F0012213C /* AppDelegate.swift */,
				D27824D02335FA6F0012213C /* Main.storyboard */,
				D27824D62335FA710012213C /* Assets.xcassets */,
				D27824D82335FA710012213C /* LaunchScreen.storyboard */,
				D27824DB2335FA710012213C /* Info.plist */,
				D27824D32335FA6F0012213C /* Tod2.xcdatamodeld */,
			);
			path = Tod2;
			sourceTree = "<group>";
		};
/* End PBXGroup section */

/* Begin PBXNativeTarget section */
		51519F86233CE1B100754354 /* Tod2Tests */ = {
			isa = PBXNativeTarget;
			buildConfigurationList = 51519F8E233CE1B100754354 /* Build configuration list for PBXNativeTarget "Tod2Tests" */;
			buildPhases = (
				51519F83233CE1B100754354 /* Sources */,
				51519F84233CE1B100754354 /* Frameworks */,
				51519F85233CE1B100754354 /* Resources */,
			);
			buildRules = (
			);
			dependencies = (
				51519F8D233CE1B100754354 /* PBXTargetDependency */,
			);
			name = Tod2Tests;
			productName = Tod2Tests;
			productReference = 51519F87233CE1B100754354 /* Tod2Tests.xctest */;
			productType = "com.apple.product-type.bundle.unit-test";
		};
		D27824C82335FA6F0012213C /* Tod2 */ = {
			isa = PBXNativeTarget;
			buildConfigurationList = D27824DE2335FA710012213C /* Build configuration list for PBXNativeTarget "Tod2" */;
			buildPhases = (
				D27824C52335FA6F0012213C /* Sources */,
				D27824C62335FA6F0012213C /* Frameworks */,
				D27824C72335FA6F0012213C /* Resources */,
			);
			buildRules = (
			);
			dependencies = (
			);
			name = Tod2;
			productName = Tod2;
			productReference = D27824C92335FA6F0012213C /* Tod2.app */;
			productType = "com.apple.product-type.application";
		};
/* End PBXNativeTarget section */

/* Begin PBXProject section */
		D27824C12335FA6F0012213C /* Project object */ = {
			isa = PBXProject;
			attributes = {
				LastSwiftUpdateCheck = 1030;
				LastUpgradeCheck = 1030;
				ORGANIZATIONNAME = maurice;
				TargetAttributes = {
					51519F86233CE1B100754354 = {
						CreatedOnToolsVersion = 10.3;
						TestTargetID = D27824C82335FA6F0012213C;
					};
					D27824C82335FA6F0012213C = {
						CreatedOnToolsVersion = 10.3;
					};
				};
			};
			buildConfigurationList = D27824C42335FA6F0012213C /* Build configuration list for PBXProject "Tod2" */;
			compatibilityVersion = "Xcode 9.3";
			developmentRegion = en;
			hasScannedForEncodings = 0;
			knownRegions = (
				en,
				Base,
			);
			mainGroup = D27824C02335FA6F0012213C;
			productRefGroup = D27824CA2335FA6F0012213C /* Products */;
			projectDirPath = "";
			projectRoot = "";
			targets = (
				D27824C82335FA6F0012213C /* Tod2 */,
				51519F86233CE1B100754354 /* Tod2Tests */,
			);
		};
/* End PBXProject section */

/* Begin PBXResourcesBuildPhase section */
		51519F85233CE1B100754354 /* Resources */ = {
			isa = PBXResourcesBuildPhase;
			buildActionMask = 2147483647;
			files = (
			);
			runOnlyForDeploymentPostprocessing = 0;
		};
		D27824C72335FA6F0012213C /* Resources */ = {
			isa = PBXResourcesBuildPhase;
			buildActionMask = 2147483647;
			files = (
				516E3715234348F3006FC27C /* Assets.xcassets in Resources */,
				D27824DA2335FA710012213C /* LaunchScreen.storyboard in Resources */,
				D27824D22335FA6F0012213C /* Main.storyboard in Resources */,
				D2764527233640E60099E778 /* TodoCell.xib in Resources */,
			);
			runOnlyForDeploymentPostprocessing = 0;
		};
/* End PBXResourcesBuildPhase section */

/* Begin PBXSourcesBuildPhase section */
		51519F83233CE1B100754354 /* Sources */ = {
			isa = PBXSourcesBuildPhase;
			buildActionMask = 2147483647;
			files = (
				51519F8A233CE1B100754354 /* Tod2Tests.swift in Sources */,
			);
			runOnlyForDeploymentPostprocessing = 0;
		};
		D27824C52335FA6F0012213C /* Sources */ = {
			isa = PBXSourcesBuildPhase;
			buildActionMask = 2147483647;
			files = (
				5137354A2341D4020020A398 /* TodoDetails.swift in Sources */,
				51159D8D2338A4FD00CFE691 /* NewTodoView.swift in Sources */,
				5137354C234324BB0020A398 /* ColorViewController.swift in Sources */,
				D20C199C23361DE400277D12 /* TodoDataManager.swift in Sources */,
				D2764526233640E60099E778 /* TodoCell.swift in Sources */,
				512927DC23462581008B1EC7 /* Todo+CoreDataClass.swift in Sources */,
				D27824CD2335FA6F0012213C /* AppDelegate.swift in Sources */,
				D27824D52335FA6F0012213C /* Tod2.xcdatamodeld in Sources */,
				D20C199A2336181500277D12 /* MainViewController.swift in Sources */,
				512927DD23462581008B1EC7 /* Todo+CoreDataProperties.swift in Sources */,
			);
			runOnlyForDeploymentPostprocessing = 0;
		};
/* End PBXSourcesBuildPhase section */

/* Begin PBXTargetDependency section */
		51519F8D233CE1B100754354 /* PBXTargetDependency */ = {
			isa = PBXTargetDependency;
			target = D27824C82335FA6F0012213C /* Tod2 */;
			targetProxy = 51519F8C233CE1B100754354 /* PBXContainerItemProxy */;
		};
/* End PBXTargetDependency section */

/* Begin PBXVariantGroup section */
		D27824D02335FA6F0012213C /* Main.storyboard */ = {
			isa = PBXVariantGroup;
			children = (
				D27824D12335FA6F0012213C /* Base */,
			);
			name = Main.storyboard;
			sourceTree = "<group>";
		};
		D27824D82335FA710012213C /* LaunchScreen.storyboard */ = {
			isa = PBXVariantGroup;
			children = (
				D27824D92335FA710012213C /* Base */,
			);
			name = LaunchScreen.storyboard;
			sourceTree = "<group>";
		};
/* End PBXVariantGroup section */

/* Begin XCBuildConfiguration section */
		51519F8F233CE1B100754354 /* Debug */ = {
			isa = XCBuildConfiguration;
			buildSettings = {
				BUNDLE_LOADER = "$(TEST_HOST)";
				CODE_SIGN_STYLE = Automatic;
				DEVELOPMENT_TEAM = FAYEZUN5CX;
				INFOPLIST_FILE = Tod2Tests/Info.plist;
				LD_RUNPATH_SEARCH_PATHS = (
					"$(inherited)",
					"@executable_path/Frameworks",
					"@loader_path/Frameworks",
				);
				PRODUCT_BUNDLE_IDENTIFIER = com.mauricej.Tod2Tests;
				PRODUCT_NAME = "$(TARGET_NAME)";
				SWIFT_VERSION = 5.0;
				TARGETED_DEVICE_FAMILY = "1,2";
				TEST_HOST = "$(BUILT_PRODUCTS_DIR)/Tod2.app/Tod2";
			};
			name = Debug;
		};
		51519F90233CE1B100754354 /* Release */ = {
			isa = XCBuildConfiguration;
			buildSettings = {
				BUNDLE_LOADER = "$(TEST_HOST)";
				CODE_SIGN_STYLE = Automatic;
				DEVELOPMENT_TEAM = FAYEZUN5CX;
				INFOPLIST_FILE = Tod2Tests/Info.plist;
				LD_RUNPATH_SEARCH_PATHS = (
					"$(inherited)",
					"@executable_path/Frameworks",
					"@loader_path/Frameworks",
				);
				PRODUCT_BUNDLE_IDENTIFIER = com.mauricej.Tod2Tests;
				PRODUCT_NAME = "$(TARGET_NAME)";
				SWIFT_VERSION = 5.0;
				TARGETED_DEVICE_FAMILY = "1,2";
				TEST_HOST = "$(BUILT_PRODUCTS_DIR)/Tod2.app/Tod2";
			};
			name = Release;
		};
		D27824DC2335FA710012213C /* Debug */ = {
			isa = XCBuildConfiguration;
			buildSettings = {
				ALWAYS_SEARCH_USER_PATHS = NO;
				CLANG_ANALYZER_NONNULL = YES;
				CLANG_ANALYZER_NUMBER_OBJECT_CONVERSION = YES_AGGRESSIVE;
				CLANG_CXX_LANGUAGE_STANDARD = "gnu++14";
				CLANG_CXX_LIBRARY = "libc++";
				CLANG_ENABLE_MODULES = YES;
				CLANG_ENABLE_OBJC_ARC = YES;
				CLANG_ENABLE_OBJC_WEAK = YES;
				CLANG_WARN_BLOCK_CAPTURE_AUTORELEASING = YES;
				CLANG_WARN_BOOL_CONVERSION = YES;
				CLANG_WARN_COMMA = YES;
				CLANG_WARN_CONSTANT_CONVERSION = YES;
				CLANG_WARN_DEPRECATED_OBJC_IMPLEMENTATIONS = YES;
				CLANG_WARN_DIRECT_OBJC_ISA_USAGE = YES_ERROR;
				CLANG_WARN_DOCUMENTATION_COMMENTS = YES;
				CLANG_WARN_EMPTY_BODY = YES;
				CLANG_WARN_ENUM_CONVERSION = YES;
				CLANG_WARN_INFINITE_RECURSION = YES;
				CLANG_WARN_INT_CONVERSION = YES;
				CLANG_WARN_NON_LITERAL_NULL_CONVERSION = YES;
				CLANG_WARN_OBJC_IMPLICIT_RETAIN_SELF = YES;
				CLANG_WARN_OBJC_LITERAL_CONVERSION = YES;
				CLANG_WARN_OBJC_ROOT_CLASS = YES_ERROR;
				CLANG_WARN_RANGE_LOOP_ANALYSIS = YES;
				CLANG_WARN_STRICT_PROTOTYPES = YES;
				CLANG_WARN_SUSPICIOUS_MOVE = YES;
				CLANG_WARN_UNGUARDED_AVAILABILITY = YES_AGGRESSIVE;
				CLANG_WARN_UNREACHABLE_CODE = YES;
				CLANG_WARN__DUPLICATE_METHOD_MATCH = YES;
				CODE_SIGN_IDENTITY = "iPhone Developer";
				COPY_PHASE_STRIP = NO;
				DEBUG_INFORMATION_FORMAT = dwarf;
				ENABLE_STRICT_OBJC_MSGSEND = YES;
				ENABLE_TESTABILITY = YES;
				GCC_C_LANGUAGE_STANDARD = gnu11;
				GCC_DYNAMIC_NO_PIC = NO;
				GCC_NO_COMMON_BLOCKS = YES;
				GCC_OPTIMIZATION_LEVEL = 0;
				GCC_PREPROCESSOR_DEFINITIONS = (
					"DEBUG=1",
					"$(inherited)",
				);
				GCC_WARN_64_TO_32_BIT_CONVERSION = YES;
				GCC_WARN_ABOUT_RETURN_TYPE = YES_ERROR;
				GCC_WARN_UNDECLARED_SELECTOR = YES;
				GCC_WARN_UNINITIALIZED_AUTOS = YES_AGGRESSIVE;
				GCC_WARN_UNUSED_FUNCTION = YES;
				GCC_WARN_UNUSED_VARIABLE = YES;
				IPHONEOS_DEPLOYMENT_TARGET = 12.4;
				MTL_ENABLE_DEBUG_INFO = INCLUDE_SOURCE;
				MTL_FAST_MATH = YES;
				ONLY_ACTIVE_ARCH = YES;
				SDKROOT = iphoneos;
				SWIFT_ACTIVE_COMPILATION_CONDITIONS = DEBUG;
				SWIFT_OPTIMIZATION_LEVEL = "-Onone";
			};
			name = Debug;
		};
		D27824DD2335FA710012213C /* Release */ = {
			isa = XCBuildConfiguration;
			buildSettings = {
				ALWAYS_SEARCH_USER_PATHS = NO;
				CLANG_ANALYZER_NONNULL = YES;
				CLANG_ANALYZER_NUMBER_OBJECT_CONVERSION = YES_AGGRESSIVE;
				CLANG_CXX_LANGUAGE_STANDARD = "gnu++14";
				CLANG_CXX_LIBRARY = "libc++";
				CLANG_ENABLE_MODULES = YES;
				CLANG_ENABLE_OBJC_ARC = YES;
				CLANG_ENABLE_OBJC_WEAK = YES;
				CLANG_WARN_BLOCK_CAPTURE_AUTORELEASING = YES;
				CLANG_WARN_BOOL_CONVERSION = YES;
				CLANG_WARN_COMMA = YES;
				CLANG_WARN_CONSTANT_CONVERSION = YES;
				CLANG_WARN_DEPRECATED_OBJC_IMPLEMENTATIONS = YES;
				CLANG_WARN_DIRECT_OBJC_ISA_USAGE = YES_ERROR;
				CLANG_WARN_DOCUMENTATION_COMMENTS = YES;
				CLANG_WARN_EMPTY_BODY = YES;
				CLANG_WARN_ENUM_CONVERSION = YES;
				CLANG_WARN_INFINITE_RECURSION = YES;
				CLANG_WARN_INT_CONVERSION = YES;
				CLANG_WARN_NON_LITERAL_NULL_CONVERSION = YES;
				CLANG_WARN_OBJC_IMPLICIT_RETAIN_SELF = YES;
				CLANG_WARN_OBJC_LITERAL_CONVERSION = YES;
				CLANG_WARN_OBJC_ROOT_CLASS = YES_ERROR;
				CLANG_WARN_RANGE_LOOP_ANALYSIS = YES;
				CLANG_WARN_STRICT_PROTOTYPES = YES;
				CLANG_WARN_SUSPICIOUS_MOVE = YES;
				CLANG_WARN_UNGUARDED_AVAILABILITY = YES_AGGRESSIVE;
				CLANG_WARN_UNREACHABLE_CODE = YES;
				CLANG_WARN__DUPLICATE_METHOD_MATCH = YES;
				CODE_SIGN_IDENTITY = "iPhone Developer";
				COPY_PHASE_STRIP = NO;
				DEBUG_INFORMATION_FORMAT = "dwarf-with-dsym";
				ENABLE_NS_ASSERTIONS = NO;
				ENABLE_STRICT_OBJC_MSGSEND = YES;
				GCC_C_LANGUAGE_STANDARD = gnu11;
				GCC_NO_COMMON_BLOCKS = YES;
				GCC_WARN_64_TO_32_BIT_CONVERSION = YES;
				GCC_WARN_ABOUT_RETURN_TYPE = YES_ERROR;
				GCC_WARN_UNDECLARED_SELECTOR = YES;
				GCC_WARN_UNINITIALIZED_AUTOS = YES_AGGRESSIVE;
				GCC_WARN_UNUSED_FUNCTION = YES;
				GCC_WARN_UNUSED_VARIABLE = YES;
				IPHONEOS_DEPLOYMENT_TARGET = 12.4;
				MTL_ENABLE_DEBUG_INFO = NO;
				MTL_FAST_MATH = YES;
				SDKROOT = iphoneos;
				SWIFT_COMPILATION_MODE = wholemodule;
				SWIFT_OPTIMIZATION_LEVEL = "-O";
				VALIDATE_PRODUCT = YES;
			};
			name = Release;
		};
		D27824DF2335FA710012213C /* Debug */ = {
			isa = XCBuildConfiguration;
			buildSettings = {
				ASSETCATALOG_COMPILER_APPICON_NAME = AppIcon;
				CODE_SIGN_STYLE = Automatic;
				DEVELOPMENT_TEAM = FAYEZUN5CX;
				INFOPLIST_FILE = Tod2/Info.plist;
				IPHONEOS_DEPLOYMENT_TARGET = 11.3;
				LD_RUNPATH_SEARCH_PATHS = (
					"$(inherited)",
					"@executable_path/Frameworks",
				);
				PRODUCT_BUNDLE_IDENTIFIER = com.mauricej.Tod2;
				PRODUCT_NAME = "$(TARGET_NAME)";
				SWIFT_VERSION = 5.0;
				TARGETED_DEVICE_FAMILY = "1,2";
			};
			name = Debug;
		};
		D27824E02335FA710012213C /* Release */ = {
			isa = XCBuildConfiguration;
			buildSettings = {
				ASSETCATALOG_COMPILER_APPICON_NAME = AppIcon;
				CODE_SIGN_STYLE = Automatic;
				DEVELOPMENT_TEAM = FAYEZUN5CX;
				INFOPLIST_FILE = Tod2/Info.plist;
				IPHONEOS_DEPLOYMENT_TARGET = 11.3;
				LD_RUNPATH_SEARCH_PATHS = (
					"$(inherited)",
					"@executable_path/Frameworks",
				);
				PRODUCT_BUNDLE_IDENTIFIER = com.mauricej.Tod2;
				PRODUCT_NAME = "$(TARGET_NAME)";
				SWIFT_VERSION = 5.0;
				TARGETED_DEVICE_FAMILY = "1,2";
			};
			name = Release;
		};
/* End XCBuildConfiguration section */

/* Begin XCConfigurationList section */
		51519F8E233CE1B100754354 /* Build configuration list for PBXNativeTarget "Tod2Tests" */ = {
			isa = XCConfigurationList;
			buildConfigurations = (
				51519F8F233CE1B100754354 /* Debug */,
				51519F90233CE1B100754354 /* Release */,
			);
			defaultConfigurationIsVisible = 0;
			defaultConfigurationName = Release;
		};
		D27824C42335FA6F0012213C /* Build configuration list for PBXProject "Tod2" */ = {
			isa = XCConfigurationList;
			buildConfigurations = (
				D27824DC2335FA710012213C /* Debug */,
				D27824DD2335FA710012213C /* Release */,
			);
			defaultConfigurationIsVisible = 0;
			defaultConfigurationName = Release;
		};
		D27824DE2335FA710012213C /* Build configuration list for PBXNativeTarget "Tod2" */ = {
			isa = XCConfigurationList;
			buildConfigurations = (
				D27824DF2335FA710012213C /* Debug */,
				D27824E02335FA710012213C /* Release */,
			);
			defaultConfigurationIsVisible = 0;
			defaultConfigurationName = Release;
		};
/* End XCConfigurationList section */

/* Begin XCVersionGroup section */
		D27824D32335FA6F0012213C /* Tod2.xcdatamodeld */ = {
			isa = XCVersionGroup;
			children = (
				D27824D42335FA6F0012213C /* Tod2.xcdatamodel */,
			);
			currentVersion = D27824D42335FA6F0012213C /* Tod2.xcdatamodel */;
			path = Tod2.xcdatamodeld;
			sourceTree = "<group>";
			versionGroupType = wrapper.xcdatamodel;
		};
/* End XCVersionGroup section */
	};
	rootObject = D27824C12335FA6F0012213C /* Project object */;
}
